
Microsoft Visual Studio Solution File, Format Version 12.00
# Visual Studio Version 16
VisualStudioVersion = 16.0.30517.126
MinimumVisualStudioVersion = 10.0.40219.1
Project("{9A19103F-16F7-4668-BE54-9A1E7A4F7556}") = "Website", "Website\WebPerusahaan.csproj", "{24D6302D-EA02-4EE0-BA82-A8669D9FD807}"
EndProject
Global
	GlobalSection(SolutionConfigurationPlatforms) = preSolution
		Debug|Any CPU = Debug|Any CPU
		Release|Any CPU = Release|Any CPU
	EndGlobalSection
	GlobalSection(ProjectConfigurationPlatforms) = postSolution
		{24D6302D-EA02-4EE0-BA82-A8669D9FD807}.Debug|Any CPU.ActiveCfg = Debug|Any CPU
		{24D6302D-EA02-4EE0-BA82-A8669D9FD807}.Debug|Any CPU.Build.0 = Debug|Any CPU
		{24D6302D-EA02-4EE0-BA82-A8669D9FD807}.Release|Any CPU.ActiveCfg = Release|Any CPU
		{24D6302D-EA02-4EE0-BA82-A8669D9FD807}.Release|Any CPU.Build.0 = Release|Any CPU
	EndGlobalSection
	GlobalSection(SolutionProperties) = preSolution
		HideSolutionNode = FALSE
	EndGlobalSection
	GlobalSection(ExtensibilityGlobals) = postSolution
		SolutionGuid = {1364D381-AB74-432E-9BD6-97C77BEF225A}
	EndGlobalSection
EndGlobal
